
Microsoft Visual Studio Solution File, Format Version 12.00
# Visual Studio 15
VisualStudioVersion = 15.0.26124.0
MinimumVisualStudioVersion = 15.0.26124.0
Project("{FAE04EC0-301F-11D3-BF4B-00C04F79EFBC}") = "Menu", "embedded\rest\Menu\Menu.csproj", "{0B8A2C72-D446-410A-ACB6-867BF7D59A85}"
EndProject
Project("{FAE04EC0-301F-11D3-BF4B-00C04F79EFBC}") = "SampleProject", "embedded\rest\SampleProject\SampleProject.csproj", "{8827759B-1583-4D61-8464-85F773E66943}"
EndProject
Project("{FAE04EC0-301F-11D3-BF4B-00C04F79EFBC}") = "Library", "embedded\rest\Library\Library.csproj", "{F43957DE-EB55-4BF2-8B6C-C3BF1746BA23}"
EndProject
Global
	GlobalSection(SolutionConfigurationPlatforms) = preSolution
		Debug|Any CPU = Debug|Any CPU
		Debug|x64 = Debug|x64
		Debug|x86 = Debug|x86
		Release|Any CPU = Release|Any CPU
		Release|x64 = Release|x64
		Release|x86 = Release|x86
	EndGlobalSection
	GlobalSection(SolutionProperties) = preSolution
		HideSolutionNode = FALSE
	EndGlobalSection
	GlobalSection(ProjectConfigurationPlatforms) = postSolution
		{0B8A2C72-D446-410A-ACB6-867BF7D59A85}.Debug|Any CPU.ActiveCfg = Debug|Any CPU
		{0B8A2C72-D446-410A-ACB6-867BF7D59A85}.Debug|Any CPU.Build.0 = Debug|Any CPU
		{0B8A2C72-D446-410A-ACB6-867BF7D59A85}.Debug|x64.ActiveCfg = Debug|Any CPU
		{0B8A2C72-D446-410A-ACB6-867BF7D59A85}.Debug|x64.Build.0 = Debug|Any CPU
		{0B8A2C72-D446-410A-ACB6-867BF7D59A85}.Debug|x86.ActiveCfg = Debug|Any CPU
		{0B8A2C72-D446-410A-ACB6-867BF7D59A85}.Debug|x86.Build.0 = Debug|Any CPU
		{0B8A2C72-D446-410A-ACB6-867BF7D59A85}.Release|Any CPU.ActiveCfg = Release|Any CPU
		{0B8A2C72-D446-410A-ACB6-867BF7D59A85}.Release|Any CPU.Build.0 = Release|Any CPU
		{0B8A2C72-D446-410A-ACB6-867BF7D59A85}.Release|x64.ActiveCfg = Release|Any CPU
		{0B8A2C72-D446-410A-ACB6-867BF7D59A85}.Release|x64.Build.0 = Release|Any CPU
		{0B8A2C72-D446-410A-ACB6-867BF7D59A85}.Release|x86.ActiveCfg = Release|Any CPU
		{0B8A2C72-D446-410A-ACB6-867BF7D59A85}.Release|x86.Build.0 = Release|Any CPU
		{8827759B-1583-4D61-8464-85F773E66943}.Debug|Any CPU.ActiveCfg = Debug|Any CPU
		{8827759B-1583-4D61-8464-85F773E66943}.Debug|Any CPU.Build.0 = Debug|Any CPU
		{8827759B-1583-4D61-8464-85F773E66943}.Debug|x64.ActiveCfg = Debug|Any CPU
		{8827759B-1583-4D61-8464-85F773E66943}.Debug|x64.Build.0 = Debug|Any CPU
		{8827759B-1583-4D61-8464-85F773E66943}.Debug|x86.ActiveCfg = Debug|Any CPU
		{8827759B-1583-4D61-8464-85F773E66943}.Debug|x86.Build.0 = Debug|Any CPU
		{8827759B-1583-4D61-8464-85F773E66943}.Release|Any CPU.ActiveCfg = Release|Any CPU
		{8827759B-1583-4D61-8464-85F773E66943}.Release|Any CPU.Build.0 = Release|Any CPU
		{8827759B-1583-4D61-8464-85F773E66943}.Release|x64.ActiveCfg = Release|Any CPU
		{8827759B-1583-4D61-8464-85F773E66943}.Release|x64.Build.0 = Release|Any CPU
		{8827759B-1583-4D61-8464-85F773E66943}.Release|x86.ActiveCfg = Release|Any CPU
		{8827759B-1583-4D61-8464-85F773E66943}.Release|x86.Build.0 = Release|Any CPU
		{F43957DE-EB55-4BF2-8B6C-C3BF1746BA23}.Debug|Any CPU.ActiveCfg = Debug|Any CPU
		{F43957DE-EB55-4BF2-8B6C-C3BF1746BA23}.Debug|Any CPU.Build.0 = Debug|Any CPU
		{F43957DE-EB55-4BF2-8B6C-C3BF1746BA23}.Debug|x64.ActiveCfg = Debug|Any CPU
		{F43957DE-EB55-4BF2-8B6C-C3BF1746BA23}.Debug|x64.Build.0 = Debug|Any CPU
		{F43957DE-EB55-4BF2-8B6C-C3BF1746BA23}.Debug|x86.ActiveCfg = Debug|Any CPU
		{F43957DE-EB55-4BF2-8B6C-C3BF1746BA23}.Debug|x86.Build.0 = Debug|Any CPU
		{F43957DE-EB55-4BF2-8B6C-C3BF1746BA23}.Release|Any CPU.ActiveCfg = Release|Any CPU
		{F43957DE-EB55-4BF2-8B6C-C3BF1746BA23}.Release|Any CPU.Build.0 = Release|Any CPU
		{F43957DE-EB55-4BF2-8B6C-C3BF1746BA23}.Release|x64.ActiveCfg = Release|Any CPU
		{F43957DE-EB55-4BF2-8B6C-C3BF1746BA23}.Release|x64.Build.0 = Release|Any CPU
		{F43957DE-EB55-4BF2-8B6C-C3BF1746BA23}.Release|x86.ActiveCfg = Release|Any CPU
		{F43957DE-EB55-4BF2-8B6C-C3BF1746BA23}.Release|x86.Build.0 = Release|Any CPU
	EndGlobalSection
EndGlobal
