
Microsoft Visual Studio Solution File, Format Version 12.00
# Visual Studio Version 17
VisualStudioVersion = 17.0.31919.166
MinimumVisualStudioVersion = 15.0.26124.0
Project("{2150E333-8FDC-42A3-9474-1A3956D46DE8}") = "em", "em", "{7CB8449A-28CC-44AA-A07E-0B583C8E43F0}"
EndProject
Project("{2150E333-8FDC-42A3-9474-1A3956D46DE8}") = "embedded", "embedded", "{551DA5A8-231C-46C4-9D70-C940BAE06D3C}"
EndProject
Project("{2150E333-8FDC-42A3-9474-1A3956D46DE8}") = "rest", "rest", "{003C79EF-5990-4C26-AE68-5BB4AF4DF7B2}"
EndProject
Project("{9A19103F-16F7-4668-BE54-9A1E7A4F7556}") = "MenuAPIDriver", "em\embedded\rest\MenuAPIDriver\MenuAPIDriver.csproj", "{A3A318E8-8C68-488C-9538-068D511B82E2}"
EndProject
Project("{9A19103F-16F7-4668-BE54-9A1E7A4F7556}") = "NcsDriver", "em\embedded\rest\NcsDriver\NcsDriver.csproj", "{1E1639D0-EB93-4500-A7AA-BE22354FBB98}"
EndProject
Project("{9A19103F-16F7-4668-BE54-9A1E7A4F7556}") = "ScsDriver", "em\embedded\rest\ScsDriver\ScsDriver.csproj", "{76172D31-893A-4F56-9D44-FF7131785386}"
EndProject
Project("{2150E333-8FDC-42A3-9474-1A3956D46DE8}") = "cs", "cs", "{9DDC7C84-11A8-4544-BF03-C87A0FF7216B}"
EndProject
Project("{2150E333-8FDC-42A3-9474-1A3956D46DE8}") = "rest", "rest", "{27DD2D36-17EC-4A7E-8859-67EC7A17876F}"
EndProject
Project("{9A19103F-16F7-4668-BE54-9A1E7A4F7556}") = "SCS", "cs\rest\SCS\SCS.csproj", "{44144C49-97E9-46F0-BC1F-67E6392BE38E}"
EndProject
Project("{9A19103F-16F7-4668-BE54-9A1E7A4F7556}") = "NCS", "cs\rest\NCS\NCS.csproj", "{3B6778B0-EDDA-46F9-8B97-F40A0BCA2F0F}"
EndProject
Project("{2150E333-8FDC-42A3-9474-1A3956D46DE8}") = "Menu", "Menu", "{AA2E4FD3-F53A-4013-9850-E23763B8CFCA}"
EndProject
Project("{9A19103F-16F7-4668-BE54-9A1E7A4F7556}") = "Menu.API", "cs\rest\Menu.API\Menu.API\Menu.API.csproj", "{0653635A-C13B-4622-965C-AA086527CB52}"
EndProject
Project("{9A19103F-16F7-4668-BE54-9A1E7A4F7556}") = "Menu.API.UnitTests", "cs\rest\Menu.API\Menu.API.UnitTests\Menu.API.UnitTests.csproj", "{81825E62-FE3C-47EA-A57B-21908A265E76}"
EndProject
Project("{2150E333-8FDC-42A3-9474-1A3956D46DE8}") = "SampleProject", "SampleProject", "{83A7379B-C36E-49BD-830F-39ECE5D57004}"
EndProject
Project("{9A19103F-16F7-4668-BE54-9A1E7A4F7556}") = "SampleProject.API", "cs\rest\SampleProject\src\SampleProject.API\SampleProject.API.csproj", "{97CBC78D-5024-4476-8DAD-A73750338C2F}"
EndProject
Project("{9A19103F-16F7-4668-BE54-9A1E7A4F7556}") = "SampleProject.Application", "cs\rest\SampleProject\src\SampleProject.Application\SampleProject.Application.csproj", "{1648372C-AC17-4ADA-AA92-764E29710532}"
EndProject
Project("{9A19103F-16F7-4668-BE54-9A1E7A4F7556}") = "SampleProject.Domain", "cs\rest\SampleProject\src\SampleProject.Domain\SampleProject.Domain.csproj", "{5CD9084A-E842-41BA-8802-8D77F5CBC502}"
EndProject
Project("{9A19103F-16F7-4668-BE54-9A1E7A4F7556}") = "SampleProject.Infrastructure", "cs\rest\SampleProject\src\SampleProject.Infrastructure\SampleProject.Infrastructure.csproj", "{ADD61962-EF1F-4327-ACDE-D71A93BA19E3}"
EndProject
Project("{9A19103F-16F7-4668-BE54-9A1E7A4F7556}") = "SampleProject.IntegrationTests", "cs\rest\SampleProject\src\Tests\SampleProject.IntegrationTests\SampleProject.IntegrationTests.csproj", "{30F6259E-2B4C-4B03-A90E-A24E245624EF}"
EndProject
Project("{9A19103F-16F7-4668-BE54-9A1E7A4F7556}") = "SampleProject.UnitTests", "cs\rest\SampleProject\src\Tests\SampleProject.UnitTests\SampleProject.UnitTests.csproj", "{A93715A8-3E6D-4646-A53F-DB9993341791}"
EndProject
Project("{9A19103F-16F7-4668-BE54-9A1E7A4F7556}") = "SampleProjectDriver", "em\embedded\rest\SampleProjectDriver\SampleProjectDriver.csproj", "{BA300A30-3CCD-4DEF-A046-70684DD77093}"
EndProject
Global
	GlobalSection(SolutionConfigurationPlatforms) = preSolution
		Debug|Any CPU = Debug|Any CPU
		Debug|x64 = Debug|x64
		Debug|x86 = Debug|x86
		Release|Any CPU = Release|Any CPU
		Release|x64 = Release|x64
		Release|x86 = Release|x86
	EndGlobalSection
	GlobalSection(ProjectConfigurationPlatforms) = postSolution
		{A3A318E8-8C68-488C-9538-068D511B82E2}.Debug|Any CPU.ActiveCfg = Debug|Any CPU
		{A3A318E8-8C68-488C-9538-068D511B82E2}.Debug|Any CPU.Build.0 = Debug|Any CPU
		{A3A318E8-8C68-488C-9538-068D511B82E2}.Debug|x64.ActiveCfg = Debug|Any CPU
		{A3A318E8-8C68-488C-9538-068D511B82E2}.Debug|x64.Build.0 = Debug|Any CPU
		{A3A318E8-8C68-488C-9538-068D511B82E2}.Debug|x86.ActiveCfg = Debug|Any CPU
		{A3A318E8-8C68-488C-9538-068D511B82E2}.Debug|x86.Build.0 = Debug|Any CPU
		{A3A318E8-8C68-488C-9538-068D511B82E2}.Release|Any CPU.ActiveCfg = Release|Any CPU
		{A3A318E8-8C68-488C-9538-068D511B82E2}.Release|Any CPU.Build.0 = Release|Any CPU
		{A3A318E8-8C68-488C-9538-068D511B82E2}.Release|x64.ActiveCfg = Release|Any CPU
		{A3A318E8-8C68-488C-9538-068D511B82E2}.Release|x64.Build.0 = Release|Any CPU
		{A3A318E8-8C68-488C-9538-068D511B82E2}.Release|x86.ActiveCfg = Release|Any CPU
		{A3A318E8-8C68-488C-9538-068D511B82E2}.Release|x86.Build.0 = Release|Any CPU
		{1E1639D0-EB93-4500-A7AA-BE22354FBB98}.Debug|Any CPU.ActiveCfg = Debug|Any CPU
		{1E1639D0-EB93-4500-A7AA-BE22354FBB98}.Debug|Any CPU.Build.0 = Debug|Any CPU
		{1E1639D0-EB93-4500-A7AA-BE22354FBB98}.Debug|x64.ActiveCfg = Debug|Any CPU
		{1E1639D0-EB93-4500-A7AA-BE22354FBB98}.Debug|x64.Build.0 = Debug|Any CPU
		{1E1639D0-EB93-4500-A7AA-BE22354FBB98}.Debug|x86.ActiveCfg = Debug|Any CPU
		{1E1639D0-EB93-4500-A7AA-BE22354FBB98}.Debug|x86.Build.0 = Debug|Any CPU
		{1E1639D0-EB93-4500-A7AA-BE22354FBB98}.Release|Any CPU.ActiveCfg = Release|Any CPU
		{1E1639D0-EB93-4500-A7AA-BE22354FBB98}.Release|Any CPU.Build.0 = Release|Any CPU
		{1E1639D0-EB93-4500-A7AA-BE22354FBB98}.Release|x64.ActiveCfg = Release|Any CPU
		{1E1639D0-EB93-4500-A7AA-BE22354FBB98}.Release|x64.Build.0 = Release|Any CPU
		{1E1639D0-EB93-4500-A7AA-BE22354FBB98}.Release|x86.ActiveCfg = Release|Any CPU
		{1E1639D0-EB93-4500-A7AA-BE22354FBB98}.Release|x86.Build.0 = Release|Any CPU
		{76172D31-893A-4F56-9D44-FF7131785386}.Debug|Any CPU.ActiveCfg = Debug|Any CPU
		{76172D31-893A-4F56-9D44-FF7131785386}.Debug|Any CPU.Build.0 = Debug|Any CPU
		{76172D31-893A-4F56-9D44-FF7131785386}.Debug|x64.ActiveCfg = Debug|Any CPU
		{76172D31-893A-4F56-9D44-FF7131785386}.Debug|x64.Build.0 = Debug|Any CPU
		{76172D31-893A-4F56-9D44-FF7131785386}.Debug|x86.ActiveCfg = Debug|Any CPU
		{76172D31-893A-4F56-9D44-FF7131785386}.Debug|x86.Build.0 = Debug|Any CPU
		{76172D31-893A-4F56-9D44-FF7131785386}.Release|Any CPU.ActiveCfg = Release|Any CPU
		{76172D31-893A-4F56-9D44-FF7131785386}.Release|Any CPU.Build.0 = Release|Any CPU
		{76172D31-893A-4F56-9D44-FF7131785386}.Release|x64.ActiveCfg = Release|Any CPU
		{76172D31-893A-4F56-9D44-FF7131785386}.Release|x64.Build.0 = Release|Any CPU
		{76172D31-893A-4F56-9D44-FF7131785386}.Release|x86.ActiveCfg = Release|Any CPU
		{76172D31-893A-4F56-9D44-FF7131785386}.Release|x86.Build.0 = Release|Any CPU
		{44144C49-97E9-46F0-BC1F-67E6392BE38E}.Debug|Any CPU.ActiveCfg = Debug|Any CPU
		{44144C49-97E9-46F0-BC1F-67E6392BE38E}.Debug|Any CPU.Build.0 = Debug|Any CPU
		{44144C49-97E9-46F0-BC1F-67E6392BE38E}.Debug|x64.ActiveCfg = Debug|Any CPU
		{44144C49-97E9-46F0-BC1F-67E6392BE38E}.Debug|x64.Build.0 = Debug|Any CPU
		{44144C49-97E9-46F0-BC1F-67E6392BE38E}.Debug|x86.ActiveCfg = Debug|Any CPU
		{44144C49-97E9-46F0-BC1F-67E6392BE38E}.Debug|x86.Build.0 = Debug|Any CPU
		{44144C49-97E9-46F0-BC1F-67E6392BE38E}.Release|Any CPU.ActiveCfg = Release|Any CPU
		{44144C49-97E9-46F0-BC1F-67E6392BE38E}.Release|Any CPU.Build.0 = Release|Any CPU
		{44144C49-97E9-46F0-BC1F-67E6392BE38E}.Release|x64.ActiveCfg = Release|Any CPU
		{44144C49-97E9-46F0-BC1F-67E6392BE38E}.Release|x64.Build.0 = Release|Any CPU
		{44144C49-97E9-46F0-BC1F-67E6392BE38E}.Release|x86.ActiveCfg = Release|Any CPU
		{44144C49-97E9-46F0-BC1F-67E6392BE38E}.Release|x86.Build.0 = Release|Any CPU
		{3B6778B0-EDDA-46F9-8B97-F40A0BCA2F0F}.Debug|Any CPU.ActiveCfg = Debug|Any CPU
		{3B6778B0-EDDA-46F9-8B97-F40A0BCA2F0F}.Debug|Any CPU.Build.0 = Debug|Any CPU
		{3B6778B0-EDDA-46F9-8B97-F40A0BCA2F0F}.Debug|x64.ActiveCfg = Debug|Any CPU
		{3B6778B0-EDDA-46F9-8B97-F40A0BCA2F0F}.Debug|x64.Build.0 = Debug|Any CPU
		{3B6778B0-EDDA-46F9-8B97-F40A0BCA2F0F}.Debug|x86.ActiveCfg = Debug|Any CPU
		{3B6778B0-EDDA-46F9-8B97-F40A0BCA2F0F}.Debug|x86.Build.0 = Debug|Any CPU
		{3B6778B0-EDDA-46F9-8B97-F40A0BCA2F0F}.Release|Any CPU.ActiveCfg = Release|Any CPU
		{3B6778B0-EDDA-46F9-8B97-F40A0BCA2F0F}.Release|Any CPU.Build.0 = Release|Any CPU
		{3B6778B0-EDDA-46F9-8B97-F40A0BCA2F0F}.Release|x64.ActiveCfg = Release|Any CPU
		{3B6778B0-EDDA-46F9-8B97-F40A0BCA2F0F}.Release|x64.Build.0 = Release|Any CPU
		{3B6778B0-EDDA-46F9-8B97-F40A0BCA2F0F}.Release|x86.ActiveCfg = Release|Any CPU
		{3B6778B0-EDDA-46F9-8B97-F40A0BCA2F0F}.Release|x86.Build.0 = Release|Any CPU
		{0653635A-C13B-4622-965C-AA086527CB52}.Debug|Any CPU.ActiveCfg = Debug|Any CPU
		{0653635A-C13B-4622-965C-AA086527CB52}.Debug|Any CPU.Build.0 = Debug|Any CPU
		{0653635A-C13B-4622-965C-AA086527CB52}.Debug|x64.ActiveCfg = Debug|Any CPU
		{0653635A-C13B-4622-965C-AA086527CB52}.Debug|x64.Build.0 = Debug|Any CPU
		{0653635A-C13B-4622-965C-AA086527CB52}.Debug|x86.ActiveCfg = Debug|Any CPU
		{0653635A-C13B-4622-965C-AA086527CB52}.Debug|x86.Build.0 = Debug|Any CPU
		{0653635A-C13B-4622-965C-AA086527CB52}.Release|Any CPU.ActiveCfg = Release|Any CPU
		{0653635A-C13B-4622-965C-AA086527CB52}.Release|Any CPU.Build.0 = Release|Any CPU
		{0653635A-C13B-4622-965C-AA086527CB52}.Release|x64.ActiveCfg = Release|Any CPU
		{0653635A-C13B-4622-965C-AA086527CB52}.Release|x64.Build.0 = Release|Any CPU
		{0653635A-C13B-4622-965C-AA086527CB52}.Release|x86.ActiveCfg = Release|Any CPU
		{0653635A-C13B-4622-965C-AA086527CB52}.Release|x86.Build.0 = Release|Any CPU
		{81825E62-FE3C-47EA-A57B-21908A265E76}.Debug|Any CPU.ActiveCfg = Debug|Any CPU
		{81825E62-FE3C-47EA-A57B-21908A265E76}.Debug|Any CPU.Build.0 = Debug|Any CPU
		{81825E62-FE3C-47EA-A57B-21908A265E76}.Debug|x64.ActiveCfg = Debug|Any CPU
		{81825E62-FE3C-47EA-A57B-21908A265E76}.Debug|x64.Build.0 = Debug|Any CPU
		{81825E62-FE3C-47EA-A57B-21908A265E76}.Debug|x86.ActiveCfg = Debug|Any CPU
		{81825E62-FE3C-47EA-A57B-21908A265E76}.Debug|x86.Build.0 = Debug|Any CPU
		{81825E62-FE3C-47EA-A57B-21908A265E76}.Release|Any CPU.ActiveCfg = Release|Any CPU
		{81825E62-FE3C-47EA-A57B-21908A265E76}.Release|Any CPU.Build.0 = Release|Any CPU
		{81825E62-FE3C-47EA-A57B-21908A265E76}.Release|x64.ActiveCfg = Release|Any CPU
		{81825E62-FE3C-47EA-A57B-21908A265E76}.Release|x64.Build.0 = Release|Any CPU
		{81825E62-FE3C-47EA-A57B-21908A265E76}.Release|x86.ActiveCfg = Release|Any CPU
		{81825E62-FE3C-47EA-A57B-21908A265E76}.Release|x86.Build.0 = Release|Any CPU
		{97CBC78D-5024-4476-8DAD-A73750338C2F}.Debug|Any CPU.ActiveCfg = Debug|Any CPU
		{97CBC78D-5024-4476-8DAD-A73750338C2F}.Debug|Any CPU.Build.0 = Debug|Any CPU
		{97CBC78D-5024-4476-8DAD-A73750338C2F}.Debug|x64.ActiveCfg = Debug|Any CPU
		{97CBC78D-5024-4476-8DAD-A73750338C2F}.Debug|x64.Build.0 = Debug|Any CPU
		{97CBC78D-5024-4476-8DAD-A73750338C2F}.Debug|x86.ActiveCfg = Debug|Any CPU
		{97CBC78D-5024-4476-8DAD-A73750338C2F}.Debug|x86.Build.0 = Debug|Any CPU
		{97CBC78D-5024-4476-8DAD-A73750338C2F}.Release|Any CPU.ActiveCfg = Release|Any CPU
		{97CBC78D-5024-4476-8DAD-A73750338C2F}.Release|Any CPU.Build.0 = Release|Any CPU
		{97CBC78D-5024-4476-8DAD-A73750338C2F}.Release|x64.ActiveCfg = Release|Any CPU
		{97CBC78D-5024-4476-8DAD-A73750338C2F}.Release|x64.Build.0 = Release|Any CPU
		{97CBC78D-5024-4476-8DAD-A73750338C2F}.Release|x86.ActiveCfg = Release|Any CPU
		{97CBC78D-5024-4476-8DAD-A73750338C2F}.Release|x86.Build.0 = Release|Any CPU
		{1648372C-AC17-4ADA-AA92-764E29710532}.Debug|Any CPU.ActiveCfg = Debug|Any CPU
		{1648372C-AC17-4ADA-AA92-764E29710532}.Debug|Any CPU.Build.0 = Debug|Any CPU
		{1648372C-AC17-4ADA-AA92-764E29710532}.Debug|x64.ActiveCfg = Debug|Any CPU
		{1648372C-AC17-4ADA-AA92-764E29710532}.Debug|x64.Build.0 = Debug|Any CPU
		{1648372C-AC17-4ADA-AA92-764E29710532}.Debug|x86.ActiveCfg = Debug|Any CPU
		{1648372C-AC17-4ADA-AA92-764E29710532}.Debug|x86.Build.0 = Debug|Any CPU
		{1648372C-AC17-4ADA-AA92-764E29710532}.Release|Any CPU.ActiveCfg = Release|Any CPU
		{1648372C-AC17-4ADA-AA92-764E29710532}.Release|Any CPU.Build.0 = Release|Any CPU
		{1648372C-AC17-4ADA-AA92-764E29710532}.Release|x64.ActiveCfg = Release|Any CPU
		{1648372C-AC17-4ADA-AA92-764E29710532}.Release|x64.Build.0 = Release|Any CPU
		{1648372C-AC17-4ADA-AA92-764E29710532}.Release|x86.ActiveCfg = Release|Any CPU
		{1648372C-AC17-4ADA-AA92-764E29710532}.Release|x86.Build.0 = Release|Any CPU
		{5CD9084A-E842-41BA-8802-8D77F5CBC502}.Debug|Any CPU.ActiveCfg = Debug|Any CPU
		{5CD9084A-E842-41BA-8802-8D77F5CBC502}.Debug|Any CPU.Build.0 = Debug|Any CPU
		{5CD9084A-E842-41BA-8802-8D77F5CBC502}.Debug|x64.ActiveCfg = Debug|Any CPU
		{5CD9084A-E842-41BA-8802-8D77F5CBC502}.Debug|x64.Build.0 = Debug|Any CPU
		{5CD9084A-E842-41BA-8802-8D77F5CBC502}.Debug|x86.ActiveCfg = Debug|Any CPU
		{5CD9084A-E842-41BA-8802-8D77F5CBC502}.Debug|x86.Build.0 = Debug|Any CPU
		{5CD9084A-E842-41BA-8802-8D77F5CBC502}.Release|Any CPU.ActiveCfg = Release|Any CPU
		{5CD9084A-E842-41BA-8802-8D77F5CBC502}.Release|Any CPU.Build.0 = Release|Any CPU
		{5CD9084A-E842-41BA-8802-8D77F5CBC502}.Release|x64.ActiveCfg = Release|Any CPU
		{5CD9084A-E842-41BA-8802-8D77F5CBC502}.Release|x64.Build.0 = Release|Any CPU
		{5CD9084A-E842-41BA-8802-8D77F5CBC502}.Release|x86.ActiveCfg = Release|Any CPU
		{5CD9084A-E842-41BA-8802-8D77F5CBC502}.Release|x86.Build.0 = Release|Any CPU
		{ADD61962-EF1F-4327-ACDE-D71A93BA19E3}.Debug|Any CPU.ActiveCfg = Debug|Any CPU
		{ADD61962-EF1F-4327-ACDE-D71A93BA19E3}.Debug|Any CPU.Build.0 = Debug|Any CPU
		{ADD61962-EF1F-4327-ACDE-D71A93BA19E3}.Debug|x64.ActiveCfg = Debug|Any CPU
		{ADD61962-EF1F-4327-ACDE-D71A93BA19E3}.Debug|x64.Build.0 = Debug|Any CPU
		{ADD61962-EF1F-4327-ACDE-D71A93BA19E3}.Debug|x86.ActiveCfg = Debug|Any CPU
		{ADD61962-EF1F-4327-ACDE-D71A93BA19E3}.Debug|x86.Build.0 = Debug|Any CPU
		{ADD61962-EF1F-4327-ACDE-D71A93BA19E3}.Release|Any CPU.ActiveCfg = Release|Any CPU
		{ADD61962-EF1F-4327-ACDE-D71A93BA19E3}.Release|Any CPU.Build.0 = Release|Any CPU
		{ADD61962-EF1F-4327-ACDE-D71A93BA19E3}.Release|x64.ActiveCfg = Release|Any CPU
		{ADD61962-EF1F-4327-ACDE-D71A93BA19E3}.Release|x64.Build.0 = Release|Any CPU
		{ADD61962-EF1F-4327-ACDE-D71A93BA19E3}.Release|x86.ActiveCfg = Release|Any CPU
		{ADD61962-EF1F-4327-ACDE-D71A93BA19E3}.Release|x86.Build.0 = Release|Any CPU
		{30F6259E-2B4C-4B03-A90E-A24E245624EF}.Debug|Any CPU.ActiveCfg = Debug|Any CPU
		{30F6259E-2B4C-4B03-A90E-A24E245624EF}.Debug|Any CPU.Build.0 = Debug|Any CPU
		{30F6259E-2B4C-4B03-A90E-A24E245624EF}.Debug|x64.ActiveCfg = Debug|Any CPU
		{30F6259E-2B4C-4B03-A90E-A24E245624EF}.Debug|x64.Build.0 = Debug|Any CPU
		{30F6259E-2B4C-4B03-A90E-A24E245624EF}.Debug|x86.ActiveCfg = Debug|Any CPU
		{30F6259E-2B4C-4B03-A90E-A24E245624EF}.Debug|x86.Build.0 = Debug|Any CPU
		{30F6259E-2B4C-4B03-A90E-A24E245624EF}.Release|Any CPU.ActiveCfg = Release|Any CPU
		{30F6259E-2B4C-4B03-A90E-A24E245624EF}.Release|Any CPU.Build.0 = Release|Any CPU
		{30F6259E-2B4C-4B03-A90E-A24E245624EF}.Release|x64.ActiveCfg = Release|Any CPU
		{30F6259E-2B4C-4B03-A90E-A24E245624EF}.Release|x64.Build.0 = Release|Any CPU
		{30F6259E-2B4C-4B03-A90E-A24E245624EF}.Release|x86.ActiveCfg = Release|Any CPU
		{30F6259E-2B4C-4B03-A90E-A24E245624EF}.Release|x86.Build.0 = Release|Any CPU
		{A93715A8-3E6D-4646-A53F-DB9993341791}.Debug|Any CPU.ActiveCfg = Debug|Any CPU
		{A93715A8-3E6D-4646-A53F-DB9993341791}.Debug|Any CPU.Build.0 = Debug|Any CPU
		{A93715A8-3E6D-4646-A53F-DB9993341791}.Debug|x64.ActiveCfg = Debug|Any CPU
		{A93715A8-3E6D-4646-A53F-DB9993341791}.Debug|x64.Build.0 = Debug|Any CPU
		{A93715A8-3E6D-4646-A53F-DB9993341791}.Debug|x86.ActiveCfg = Debug|Any CPU
		{A93715A8-3E6D-4646-A53F-DB9993341791}.Debug|x86.Build.0 = Debug|Any CPU
		{A93715A8-3E6D-4646-A53F-DB9993341791}.Release|Any CPU.ActiveCfg = Release|Any CPU
		{A93715A8-3E6D-4646-A53F-DB9993341791}.Release|Any CPU.Build.0 = Release|Any CPU
		{A93715A8-3E6D-4646-A53F-DB9993341791}.Release|x64.ActiveCfg = Release|Any CPU
		{A93715A8-3E6D-4646-A53F-DB9993341791}.Release|x64.Build.0 = Release|Any CPU
		{A93715A8-3E6D-4646-A53F-DB9993341791}.Release|x86.ActiveCfg = Release|Any CPU
		{A93715A8-3E6D-4646-A53F-DB9993341791}.Release|x86.Build.0 = Release|Any CPU
		{BA300A30-3CCD-4DEF-A046-70684DD77093}.Debug|Any CPU.ActiveCfg = Debug|Any CPU
		{BA300A30-3CCD-4DEF-A046-70684DD77093}.Debug|Any CPU.Build.0 = Debug|Any CPU
		{BA300A30-3CCD-4DEF-A046-70684DD77093}.Debug|x64.ActiveCfg = Debug|Any CPU
		{BA300A30-3CCD-4DEF-A046-70684DD77093}.Debug|x64.Build.0 = Debug|Any CPU
		{BA300A30-3CCD-4DEF-A046-70684DD77093}.Debug|x86.ActiveCfg = Debug|Any CPU
		{BA300A30-3CCD-4DEF-A046-70684DD77093}.Debug|x86.Build.0 = Debug|Any CPU
		{BA300A30-3CCD-4DEF-A046-70684DD77093}.Release|Any CPU.ActiveCfg = Release|Any CPU
		{BA300A30-3CCD-4DEF-A046-70684DD77093}.Release|Any CPU.Build.0 = Release|Any CPU
		{BA300A30-3CCD-4DEF-A046-70684DD77093}.Release|x64.ActiveCfg = Release|Any CPU
		{BA300A30-3CCD-4DEF-A046-70684DD77093}.Release|x64.Build.0 = Release|Any CPU
		{BA300A30-3CCD-4DEF-A046-70684DD77093}.Release|x86.ActiveCfg = Release|Any CPU
		{BA300A30-3CCD-4DEF-A046-70684DD77093}.Release|x86.Build.0 = Release|Any CPU
	EndGlobalSection
	GlobalSection(SolutionProperties) = preSolution
		HideSolutionNode = FALSE
	EndGlobalSection
	GlobalSection(NestedProjects) = preSolution
		{551DA5A8-231C-46C4-9D70-C940BAE06D3C} = {7CB8449A-28CC-44AA-A07E-0B583C8E43F0}
		{003C79EF-5990-4C26-AE68-5BB4AF4DF7B2} = {551DA5A8-231C-46C4-9D70-C940BAE06D3C}
		{A3A318E8-8C68-488C-9538-068D511B82E2} = {003C79EF-5990-4C26-AE68-5BB4AF4DF7B2}
		{1E1639D0-EB93-4500-A7AA-BE22354FBB98} = {003C79EF-5990-4C26-AE68-5BB4AF4DF7B2}
		{76172D31-893A-4F56-9D44-FF7131785386} = {003C79EF-5990-4C26-AE68-5BB4AF4DF7B2}
		{27DD2D36-17EC-4A7E-8859-67EC7A17876F} = {9DDC7C84-11A8-4544-BF03-C87A0FF7216B}
		{44144C49-97E9-46F0-BC1F-67E6392BE38E} = {27DD2D36-17EC-4A7E-8859-67EC7A17876F}
		{3B6778B0-EDDA-46F9-8B97-F40A0BCA2F0F} = {27DD2D36-17EC-4A7E-8859-67EC7A17876F}
		{AA2E4FD3-F53A-4013-9850-E23763B8CFCA} = {27DD2D36-17EC-4A7E-8859-67EC7A17876F}
		{0653635A-C13B-4622-965C-AA086527CB52} = {AA2E4FD3-F53A-4013-9850-E23763B8CFCA}
		{81825E62-FE3C-47EA-A57B-21908A265E76} = {AA2E4FD3-F53A-4013-9850-E23763B8CFCA}
		{83A7379B-C36E-49BD-830F-39ECE5D57004} = {27DD2D36-17EC-4A7E-8859-67EC7A17876F}
		{97CBC78D-5024-4476-8DAD-A73750338C2F} = {83A7379B-C36E-49BD-830F-39ECE5D57004}
		{1648372C-AC17-4ADA-AA92-764E29710532} = {83A7379B-C36E-49BD-830F-39ECE5D57004}
		{5CD9084A-E842-41BA-8802-8D77F5CBC502} = {83A7379B-C36E-49BD-830F-39ECE5D57004}
		{ADD61962-EF1F-4327-ACDE-D71A93BA19E3} = {83A7379B-C36E-49BD-830F-39ECE5D57004}
		{30F6259E-2B4C-4B03-A90E-A24E245624EF} = {83A7379B-C36E-49BD-830F-39ECE5D57004}
		{A93715A8-3E6D-4646-A53F-DB9993341791} = {83A7379B-C36E-49BD-830F-39ECE5D57004}
		{BA300A30-3CCD-4DEF-A046-70684DD77093} = {003C79EF-5990-4C26-AE68-5BB4AF4DF7B2}
	EndGlobalSection
	GlobalSection(ExtensibilityGlobals) = postSolution
		SolutionGuid = {8E19006D-F5F6-43AC-AD52-12188343DAAA}
	EndGlobalSection
EndGlobal
